// !$*UTF8*$!
{
	archiveVersion = 1;
	classes = {
	};
	objectVersion = 46;
	objects = {

/* Begin PBXBuildFile section */
		355AB0831BB4705D0024D6C2 /* main.m in Sources */ = {isa = PBXBuildFile; fileRef = 355AB0821BB4705D0024D6C2 /* main.m */; };
		355AB0861BB4705D0024D6C2 /* AppDelegate.m in Sources */ = {isa = PBXBuildFile; fileRef = 355AB0851BB4705D0024D6C2 /* AppDelegate.m */; };
		355AB0891BB4705D0024D6C2 /* ViewController.m in Sources */ = {isa = PBXBuildFile; fileRef = 355AB0881BB4705D0024D6C2 /* ViewController.m */; };
		355AB08C1BB4705D0024D6C2 /* Main.storyboard in Resources */ = {isa = PBXBuildFile; fileRef = 355AB08A1BB4705D0024D6C2 /* Main.storyboard */; };
		355AB08E1BB4705D0024D6C2 /* Assets.xcassets in Resources */ = {isa = PBXBuildFile; fileRef = 355AB08D1BB4705D0024D6C2 /* Assets.xcassets */; };
		355AB0911BB4705D0024D6C2 /* LaunchScreen.storyboard in Resources */ = {isa = PBXBuildFile; fileRef = 355AB08F1BB4705D0024D6C2 /* LaunchScreen.storyboard */; };
		355AB09E1BB4731B0024D6C2 /* camera.png in Resources */ = {isa = PBXBuildFile; fileRef = 355AB0981BB4731B0024D6C2 /* camera.png */; settings = {ASSET_TAGS = (); }; };
		355AB09F1BB4731B0024D6C2 /* camera@2x.png in Resources */ = {isa = PBXBuildFile; fileRef = 355AB0991BB4731B0024D6C2 /* camera@2x.png */; settings = {ASSET_TAGS = (); }; };
		355AB0A01BB4731B0024D6C2 /* friends.png in Resources */ = {isa = PBXBuildFile; fileRef = 355AB09A1BB4731B0024D6C2 /* friends.png */; settings = {ASSET_TAGS = (); }; };
		355AB0A11BB4731B0024D6C2 /* friends@2x.png in Resources */ = {isa = PBXBuildFile; fileRef = 355AB09B1BB4731B0024D6C2 /* friends@2x.png */; settings = {ASSET_TAGS = (); }; };
		355AB0A21BB4731B0024D6C2 /* inbox.png in Resources */ = {isa = PBXBuildFile; fileRef = 355AB09C1BB4731B0024D6C2 /* inbox.png */; settings = {ASSET_TAGS = (); }; };
		355AB0A31BB4731B0024D6C2 /* inbox@2x.png in Resources */ = {isa = PBXBuildFile; fileRef = 355AB09D1BB4731B0024D6C2 /* inbox@2x.png */; settings = {ASSET_TAGS = (); }; };
		355AB0A71BB480E20024D6C2 /* InboxViewController.m in Sources */ = {isa = PBXBuildFile; fileRef = 355AB0A61BB480E20024D6C2 /* InboxViewController.m */; settings = {ASSET_TAGS = (); }; };
		355AB0AB1BB489730024D6C2 /* Bolts.framework in Frameworks */ = {isa = PBXBuildFile; fileRef = 355AB0A91BB489730024D6C2 /* Bolts.framework */; settings = {ASSET_TAGS = (); }; };
		355AB0AC1BB489730024D6C2 /* Parse.framework in Frameworks */ = {isa = PBXBuildFile; fileRef = 355AB0AA1BB489730024D6C2 /* Parse.framework */; settings = {ASSET_TAGS = (); }; };
		355AB0B31BB48A180024D6C2 /* AudioToolbox.framework in Frameworks */ = {isa = PBXBuildFile; fileRef = 355AB0AD1BB48A180024D6C2 /* AudioToolbox.framework */; };
		355AB0B41BB48A180024D6C2 /* CoreGraphics.framework in Frameworks */ = {isa = PBXBuildFile; fileRef = 355AB0AE1BB48A180024D6C2 /* CoreGraphics.framework */; };
		355AB0B51BB48A180024D6C2 /* CoreLocation.framework in Frameworks */ = {isa = PBXBuildFile; fileRef = 355AB0AF1BB48A180024D6C2 /* CoreLocation.framework */; };
		355AB0B61BB48A180024D6C2 /* QuartzCore.framework in Frameworks */ = {isa = PBXBuildFile; fileRef = 355AB0B01BB48A180024D6C2 /* QuartzCore.framework */; };
		355AB0B71BB48A180024D6C2 /* Security.framework in Frameworks */ = {isa = PBXBuildFile; fileRef = 355AB0B11BB48A180024D6C2 /* Security.framework */; };
		355AB0B81BB48A180024D6C2 /* StoreKit.framework in Frameworks */ = {isa = PBXBuildFile; fileRef = 355AB0B21BB48A180024D6C2 /* StoreKit.framework */; };
		355AB0BA1BB48A240024D6C2 /* CFNetwork.framework in Frameworks */ = {isa = PBXBuildFile; fileRef = 355AB0B91BB48A240024D6C2 /* CFNetwork.framework */; };
		355AB0BC1BB48A3F0024D6C2 /* SystemConfiguration.framework in Frameworks */ = {isa = PBXBuildFile; fileRef = 355AB0BB1BB48A3F0024D6C2 /* SystemConfiguration.framework */; };
		355AB0BE1BB48A6B0024D6C2 /* libsqlite3.tbd in Frameworks */ = {isa = PBXBuildFile; fileRef = 355AB0BD1BB48A6B0024D6C2 /* libsqlite3.tbd */; };
		355AB0C11BB48DEC0024D6C2 /* LoginViewController.m in Sources */ = {isa = PBXBuildFile; fileRef = 355AB0C01BB48DEC0024D6C2 /* LoginViewController.m */; settings = {ASSET_TAGS = (); }; };
		355AB0C41BB48E0B0024D6C2 /* SignupViewController.m in Sources */ = {isa = PBXBuildFile; fileRef = 355AB0C31BB48E0B0024D6C2 /* SignupViewController.m */; settings = {ASSET_TAGS = (); }; };
/* End PBXBuildFile section */

/* Begin PBXFileReference section */
		355AB07E1BB4705D0024D6C2 /* Ribbit.app */ = {isa = PBXFileReference; explicitFileType = wrapper.application; includeInIndex = 0; path = Ribbit.app; sourceTree = BUILT_PRODUCTS_DIR; };
		355AB0821BB4705D0024D6C2 /* main.m */ = {isa = PBXFileReference; lastKnownFileType = sourcecode.c.objc; path = main.m; sourceTree = "<group>"; };
		355AB0841BB4705D0024D6C2 /* AppDelegate.h */ = {isa = PBXFileReference; lastKnownFileType = sourcecode.c.h; path = AppDelegate.h; sourceTree = "<group>"; };
		355AB0851BB4705D0024D6C2 /* AppDelegate.m */ = {isa = PBXFileReference; lastKnownFileType = sourcecode.c.objc; path = AppDelegate.m; sourceTree = "<group>"; };
		355AB0871BB4705D0024D6C2 /* ViewController.h */ = {isa = PBXFileReference; lastKnownFileType = sourcecode.c.h; path = ViewController.h; sourceTree = "<group>"; };
		355AB0881BB4705D0024D6C2 /* ViewController.m */ = {isa = PBXFileReference; lastKnownFileType = sourcecode.c.objc; path = ViewController.m; sourceTree = "<group>"; };
		355AB08B1BB4705D0024D6C2 /* Base */ = {isa = PBXFileReference; lastKnownFileType = file.storyboard; name = Base; path = Base.lproj/Main.storyboard; sourceTree = "<group>"; };
		355AB08D1BB4705D0024D6C2 /* Assets.xcassets */ = {isa = PBXFileReference; lastKnownFileType = folder.assetcatalog; path = Assets.xcassets; sourceTree = "<group>"; };
		355AB0901BB4705D0024D6C2 /* Base */ = {isa = PBXFileReference; lastKnownFileType = file.storyboard; name = Base; path = Base.lproj/LaunchScreen.storyboard; sourceTree = "<group>"; };
		355AB0921BB4705D0024D6C2 /* Info.plist */ = {isa = PBXFileReference; lastKnownFileType = text.plist.xml; path = Info.plist; sourceTree = "<group>"; };
		355AB0981BB4731B0024D6C2 /* camera.png */ = {isa = PBXFileReference; lastKnownFileType = image.png; path = camera.png; sourceTree = "<group>"; };
		355AB0991BB4731B0024D6C2 /* camera@2x.png */ = {isa = PBXFileReference; lastKnownFileType = image.png; path = "camera@2x.png"; sourceTree = "<group>"; };
		355AB09A1BB4731B0024D6C2 /* friends.png */ = {isa = PBXFileReference; lastKnownFileType = image.png; path = friends.png; sourceTree = "<group>"; };
		355AB09B1BB4731B0024D6C2 /* friends@2x.png */ = {isa = PBXFileReference; lastKnownFileType = image.png; path = "friends@2x.png"; sourceTree = "<group>"; };
		355AB09C1BB4731B0024D6C2 /* inbox.png */ = {isa = PBXFileReference; lastKnownFileType = image.png; path = inbox.png; sourceTree = "<group>"; };
		355AB09D1BB4731B0024D6C2 /* inbox@2x.png */ = {isa = PBXFileReference; lastKnownFileType = image.png; path = "inbox@2x.png"; sourceTree = "<group>"; };
		355AB0A51BB480E20024D6C2 /* InboxViewController.h */ = {isa = PBXFileReference; fileEncoding = 4; lastKnownFileType = sourcecode.c.h; path = InboxViewController.h; sourceTree = "<group>"; };
		355AB0A61BB480E20024D6C2 /* InboxViewController.m */ = {isa = PBXFileReference; fileEncoding = 4; lastKnownFileType = sourcecode.c.objc; path = InboxViewController.m; sourceTree = "<group>"; };
		355AB0A91BB489730024D6C2 /* Bolts.framework */ = {isa = PBXFileReference; lastKnownFileType = wrapper.framework; path = Bolts.framework; sourceTree = "<group>"; };
		355AB0AA1BB489730024D6C2 /* Parse.framework */ = {isa = PBXFileReference; lastKnownFileType = wrapper.framework; path = Parse.framework; sourceTree = "<group>"; };
		355AB0AD1BB48A180024D6C2 /* AudioToolbox.framework */ = {isa = PBXFileReference; lastKnownFileType = wrapper.framework; name = AudioToolbox.framework; path = System/Library/Frameworks/AudioToolbox.framework; sourceTree = SDKROOT; };
		355AB0AE1BB48A180024D6C2 /* CoreGraphics.framework */ = {isa = PBXFileReference; lastKnownFileType = wrapper.framework; name = CoreGraphics.framework; path = System/Library/Frameworks/CoreGraphics.framework; sourceTree = SDKROOT; };
		355AB0AF1BB48A180024D6C2 /* CoreLocation.framework */ = {isa = PBXFileReference; lastKnownFileType = wrapper.framework; name = CoreLocation.framework; path = System/Library/Frameworks/CoreLocation.framework; sourceTree = SDKROOT; };
		355AB0B01BB48A180024D6C2 /* QuartzCore.framework */ = {isa = PBXFileReference; lastKnownFileType = wrapper.framework; name = QuartzCore.framework; path = System/Library/Frameworks/QuartzCore.framework; sourceTree = SDKROOT; };
		355AB0B11BB48A180024D6C2 /* Security.framework */ = {isa = PBXFileReference; lastKnownFileType = wrapper.framework; name = Security.framework; path = System/Library/Frameworks/Security.framework; sourceTree = SDKROOT; };
		355AB0B21BB48A180024D6C2 /* StoreKit.framework */ = {isa = PBXFileReference; lastKnownFileType = wrapper.framework; name = StoreKit.framework; path = System/Library/Frameworks/StoreKit.framework; sourceTree = SDKROOT; };
		355AB0B91BB48A240024D6C2 /* CFNetwork.framework */ = {isa = PBXFileReference; lastKnownFileType = wrapper.framework; name = CFNetwork.framework; path = System/Library/Frameworks/CFNetwork.framework; sourceTree = SDKROOT; };
		355AB0BB1BB48A3F0024D6C2 /* SystemConfiguration.framework */ = {isa = PBXFileReference; lastKnownFileType = wrapper.framework; name = SystemConfiguration.framework; path = System/Library/Frameworks/SystemConfiguration.framework; sourceTree = SDKROOT; };
		355AB0BD1BB48A6B0024D6C2 /* libsqlite3.tbd */ = {isa = PBXFileReference; lastKnownFileType = "sourcecode.text-based-dylib-definition"; name = libsqlite3.tbd; path = usr/lib/libsqlite3.tbd; sourceTree = SDKROOT; };
		355AB0BF1BB48DEC0024D6C2 /* LoginViewController.h */ = {isa = PBXFileReference; fileEncoding = 4; lastKnownFileType = sourcecode.c.h; path = LoginViewController.h; sourceTree = "<group>"; };
		355AB0C01BB48DEC0024D6C2 /* LoginViewController.m */ = {isa = PBXFileReference; fileEncoding = 4; lastKnownFileType = sourcecode.c.objc; path = LoginViewController.m; sourceTree = "<group>"; };
		355AB0C21BB48E0B0024D6C2 /* SignupViewController.h */ = {isa = PBXFileReference; fileEncoding = 4; lastKnownFileType = sourcecode.c.h; path = SignupViewController.h; sourceTree = "<group>"; };
		355AB0C31BB48E0B0024D6C2 /* SignupViewController.m */ = {isa = PBXFileReference; fileEncoding = 4; lastKnownFileType = sourcecode.c.objc; path = SignupViewController.m; sourceTree = "<group>"; };
/* End PBXFileReference section */

/* Begin PBXFrameworksBuildPhase section */
		355AB07B1BB4705D0024D6C2 /* Frameworks */ = {
			isa = PBXFrameworksBuildPhase;
			buildActionMask = 2147483647;
			files = (
				355AB0BE1BB48A6B0024D6C2 /* libsqlite3.tbd in Frameworks */,
				355AB0BC1BB48A3F0024D6C2 /* SystemConfiguration.framework in Frameworks */,
				355AB0BA1BB48A240024D6C2 /* CFNetwork.framework in Frameworks */,
				355AB0B31BB48A180024D6C2 /* AudioToolbox.framework in Frameworks */,
				355AB0B41BB48A180024D6C2 /* CoreGraphics.framework in Frameworks */,
				355AB0B51BB48A180024D6C2 /* CoreLocation.framework in Frameworks */,
				355AB0B61BB48A180024D6C2 /* QuartzCore.framework in Frameworks */,
				355AB0B71BB48A180024D6C2 /* Security.framework in Frameworks */,
				355AB0B81BB48A180024D6C2 /* StoreKit.framework in Frameworks */,
				355AB0AC1BB489730024D6C2 /* Parse.framework in Frameworks */,
				355AB0AB1BB489730024D6C2 /* Bolts.framework in Frameworks */,
			);
			runOnlyForDeploymentPostprocessing = 0;
		};
/* End PBXFrameworksBuildPhase section */

/* Begin PBXGroup section */
		355AB0751BB4705D0024D6C2 = {
			isa = PBXGroup;
			children = (
				355AB0801BB4705D0024D6C2 /* Ribbit */,
				355AB0A81BB489520024D6C2 /* Frameworks */,
				355AB07F1BB4705D0024D6C2 /* Products */,
			);
			sourceTree = "<group>";
		};
		355AB07F1BB4705D0024D6C2 /* Products */ = {
			isa = PBXGroup;
			children = (
				355AB07E1BB4705D0024D6C2 /* Ribbit.app */,
			);
			name = Products;
			sourceTree = "<group>";
		};
		355AB0801BB4705D0024D6C2 /* Ribbit */ = {
			isa = PBXGroup;
			children = (
				355AB0841BB4705D0024D6C2 /* AppDelegate.h */,
				355AB0851BB4705D0024D6C2 /* AppDelegate.m */,
				355AB0A51BB480E20024D6C2 /* InboxViewController.h */,
				355AB0BF1BB48DEC0024D6C2 /* LoginViewController.h */,
				355AB0C01BB48DEC0024D6C2 /* LoginViewController.m */,
				355AB0C21BB48E0B0024D6C2 /* SignupViewController.h */,
				355AB0C31BB48E0B0024D6C2 /* SignupViewController.m */,
				355AB0A61BB480E20024D6C2 /* InboxViewController.m */,
				355AB0871BB4705D0024D6C2 /* ViewController.h */,
				355AB0881BB4705D0024D6C2 /* ViewController.m */,
				355AB08A1BB4705D0024D6C2 /* Main.storyboard */,
				355AB08D1BB4705D0024D6C2 /* Assets.xcassets */,
				355AB08F1BB4705D0024D6C2 /* LaunchScreen.storyboard */,
				355AB0921BB4705D0024D6C2 /* Info.plist */,
				355AB0A41BB4731F0024D6C2 /* images */,
				355AB0811BB4705D0024D6C2 /* Supporting Files */,
			);
			path = Ribbit;
			sourceTree = "<group>";
		};
		355AB0811BB4705D0024D6C2 /* Supporting Files */ = {
			isa = PBXGroup;
			children = (
				355AB0821BB4705D0024D6C2 /* main.m */,
			);
			name = "Supporting Files";
			sourceTree = "<group>";
		};
		355AB0A41BB4731F0024D6C2 /* images */ = {
			isa = PBXGroup;
			children = (
				355AB0981BB4731B0024D6C2 /* camera.png */,
				355AB0991BB4731B0024D6C2 /* camera@2x.png */,
				355AB09A1BB4731B0024D6C2 /* friends.png */,
				355AB09B1BB4731B0024D6C2 /* friends@2x.png */,
				355AB09C1BB4731B0024D6C2 /* inbox.png */,
				355AB09D1BB4731B0024D6C2 /* inbox@2x.png */,
			);
			name = images;
			path = ..;
			sourceTree = "<group>";
		};
		355AB0A81BB489520024D6C2 /* Frameworks */ = {
			isa = PBXGroup;
			children = (
				355AB0BD1BB48A6B0024D6C2 /* libsqlite3.tbd */,
				355AB0BB1BB48A3F0024D6C2 /* SystemConfiguration.framework */,
				355AB0B91BB48A240024D6C2 /* CFNetwork.framework */,
				355AB0AD1BB48A180024D6C2 /* AudioToolbox.framework */,
				355AB0AE1BB48A180024D6C2 /* CoreGraphics.framework */,
				355AB0AF1BB48A180024D6C2 /* CoreLocation.framework */,
				355AB0B01BB48A180024D6C2 /* QuartzCore.framework */,
				355AB0B11BB48A180024D6C2 /* Security.framework */,
				355AB0B21BB48A180024D6C2 /* StoreKit.framework */,
				355AB0A91BB489730024D6C2 /* Bolts.framework */,
				355AB0AA1BB489730024D6C2 /* Parse.framework */,
			);
			name = Frameworks;
			path = Ribbit;
			sourceTree = "<group>";
		};
/* End PBXGroup section */

/* Begin PBXNativeTarget section */
		355AB07D1BB4705D0024D6C2 /* Ribbit */ = {
			isa = PBXNativeTarget;
			buildConfigurationList = 355AB0951BB4705D0024D6C2 /* Build configuration list for PBXNativeTarget "Ribbit" */;
			buildPhases = (
				355AB07A1BB4705D0024D6C2 /* Sources */,
				355AB07B1BB4705D0024D6C2 /* Frameworks */,
				355AB07C1BB4705D0024D6C2 /* Resources */,
			);
			buildRules = (
			);
			dependencies = (
			);
			name = Ribbit;
			productName = Ribbit;
			productReference = 355AB07E1BB4705D0024D6C2 /* Ribbit.app */;
			productType = "com.apple.product-type.application";
		};
/* End PBXNativeTarget section */

/* Begin PBXProject section */
		355AB0761BB4705D0024D6C2 /* Project object */ = {
			isa = PBXProject;
			attributes = {
				LastUpgradeCheck = 0700;
				ORGANIZATIONNAME = "Alex Cruz";
				TargetAttributes = {
					355AB07D1BB4705D0024D6C2 = {
						CreatedOnToolsVersion = 7.0;
					};
				};
			};
			buildConfigurationList = 355AB0791BB4705D0024D6C2 /* Build configuration list for PBXProject "Ribbit" */;
			compatibilityVersion = "Xcode 3.2";
			developmentRegion = English;
			hasScannedForEncodings = 0;
			knownRegions = (
				en,
				Base,
			);
			mainGroup = 355AB0751BB4705D0024D6C2;
			productRefGroup = 355AB07F1BB4705D0024D6C2 /* Products */;
			projectDirPath = "";
			projectRoot = "";
			targets = (
				355AB07D1BB4705D0024D6C2 /* Ribbit */,
			);
		};
/* End PBXProject section */

/* Begin PBXResourcesBuildPhase section */
		355AB07C1BB4705D0024D6C2 /* Resources */ = {
			isa = PBXResourcesBuildPhase;
			buildActionMask = 2147483647;
			files = (
				355AB0911BB4705D0024D6C2 /* LaunchScreen.storyboard in Resources */,
				355AB0A01BB4731B0024D6C2 /* friends.png in Resources */,
				355AB0A11BB4731B0024D6C2 /* friends@2x.png in Resources */,
				355AB09F1BB4731B0024D6C2 /* camera@2x.png in Resources */,
				355AB0A21BB4731B0024D6C2 /* inbox.png in Resources */,
				355AB08E1BB4705D0024D6C2 /* Assets.xcassets in Resources */,
				355AB09E1BB4731B0024D6C2 /* camera.png in Resources */,
				355AB08C1BB4705D0024D6C2 /* Main.storyboard in Resources */,
				355AB0A31BB4731B0024D6C2 /* inbox@2x.png in Resources */,
			);
			runOnlyForDeploymentPostprocessing = 0;
		};
/* End PBXResourcesBuildPhase section */

/* Begin PBXSourcesBuildPhase section */
		355AB07A1BB4705D0024D6C2 /* Sources */ = {
			isa = PBXSourcesBuildPhase;
			buildActionMask = 2147483647;
			files = (
				355AB0C41BB48E0B0024D6C2 /* SignupViewController.m in Sources */,
				355AB0891BB4705D0024D6C2 /* ViewController.m in Sources */,
				355AB0861BB4705D0024D6C2 /* AppDelegate.m in Sources */,
				355AB0831BB4705D0024D6C2 /* main.m in Sources */,
				355AB0A71BB480E20024D6C2 /* InboxViewController.m in Sources */,
				355AB0C11BB48DEC0024D6C2 /* LoginViewController.m in Sources */,
			);
			runOnlyForDeploymentPostprocessing = 0;
		};
/* End PBXSourcesBuildPhase section */

/* Begin PBXVariantGroup section */
		355AB08A1BB4705D0024D6C2 /* Main.storyboard */ = {
			isa = PBXVariantGroup;
			children = (
				355AB08B1BB4705D0024D6C2 /* Base */,
			);
			name = Main.storyboard;
			sourceTree = "<group>";
		};
		355AB08F1BB4705D0024D6C2 /* LaunchScreen.storyboard */ = {
			isa = PBXVariantGroup;
			children = (
				355AB0901BB4705D0024D6C2 /* Base */,
			);
			name = LaunchScreen.storyboard;
			sourceTree = "<group>";
		};
/* End PBXVariantGroup section */

/* Begin XCBuildConfiguration section */
		355AB0931BB4705D0024D6C2 /* Debug */ = {
			isa = XCBuildConfiguration;
			buildSettings = {
				ALWAYS_SEARCH_USER_PATHS = NO;
				CLANG_CXX_LANGUAGE_STANDARD = "gnu++0x";
				CLANG_CXX_LIBRARY = "libc++";
				CLANG_ENABLE_MODULES = YES;
				CLANG_ENABLE_OBJC_ARC = YES;
				CLANG_WARN_BOOL_CONVERSION = YES;
				CLANG_WARN_CONSTANT_CONVERSION = YES;
				CLANG_WARN_DIRECT_OBJC_ISA_USAGE = YES_ERROR;
				CLANG_WARN_EMPTY_BODY = YES;
				CLANG_WARN_ENUM_CONVERSION = YES;
				CLANG_WARN_INT_CONVERSION = YES;
				CLANG_WARN_OBJC_ROOT_CLASS = YES_ERROR;
				CLANG_WARN_UNREACHABLE_CODE = YES;
				CLANG_WARN__DUPLICATE_METHOD_MATCH = YES;
				"CODE_SIGN_IDENTITY[sdk=iphoneos*]" = "iPhone Developer";
				COPY_PHASE_STRIP = NO;
				DEBUG_INFORMATION_FORMAT = dwarf;
				ENABLE_STRICT_OBJC_MSGSEND = YES;
				ENABLE_TESTABILITY = YES;
				GCC_C_LANGUAGE_STANDARD = gnu99;
				GCC_DYNAMIC_NO_PIC = NO;
				GCC_NO_COMMON_BLOCKS = YES;
				GCC_OPTIMIZATION_LEVEL = 0;
				GCC_PREPROCESSOR_DEFINITIONS = (
					"DEBUG=1",
					"$(inherited)",
				);
				GCC_WARN_64_TO_32_BIT_CONVERSION = YES;
				GCC_WARN_ABOUT_RETURN_TYPE = YES_ERROR;
				GCC_WARN_UNDECLARED_SELECTOR = YES;
				GCC_WARN_UNINITIALIZED_AUTOS = YES_AGGRESSIVE;
				GCC_WARN_UNUSED_FUNCTION = YES;
				GCC_WARN_UNUSED_VARIABLE = YES;
				IPHONEOS_DEPLOYMENT_TARGET = 9.0;
				MTL_ENABLE_DEBUG_INFO = YES;
				ONLY_ACTIVE_ARCH = YES;
				SDKROOT = iphoneos;
			};
			name = Debug;
		};
		355AB0941BB4705D0024D6C2 /* Release */ = {
			isa = XCBuildConfiguration;
			buildSettings = {
				ALWAYS_SEARCH_USER_PATHS = NO;
				CLANG_CXX_LANGUAGE_STANDARD = "gnu++0x";
				CLANG_CXX_LIBRARY = "libc++";
				CLANG_ENABLE_MODULES = YES;
				CLANG_ENABLE_OBJC_ARC = YES;
				CLANG_WARN_BOOL_CONVERSION = YES;
				CLANG_WARN_CONSTANT_CONVERSION = YES;
				CLANG_WARN_DIRECT_OBJC_ISA_USAGE = YES_ERROR;
				CLANG_WARN_EMPTY_BODY = YES;
				CLANG_WARN_ENUM_CONVERSION = YES;
				CLANG_WARN_INT_CONVERSION = YES;
				CLANG_WARN_OBJC_ROOT_CLASS = YES_ERROR;
				CLANG_WARN_UNREACHABLE_CODE = YES;
				CLANG_WARN__DUPLICATE_METHOD_MATCH = YES;
				"CODE_SIGN_IDENTITY[sdk=iphoneos*]" = "iPhone Developer";
				COPY_PHASE_STRIP = NO;
				DEBUG_INFORMATION_FORMAT = "dwarf-with-dsym";
				ENABLE_NS_ASSERTIONS = NO;
				ENABLE_STRICT_OBJC_MSGSEND = YES;
				GCC_C_LANGUAGE_STANDARD = gnu99;
				GCC_NO_COMMON_BLOCKS = YES;
				GCC_WARN_64_TO_32_BIT_CONVERSION = YES;
				GCC_WARN_ABOUT_RETURN_TYPE = YES_ERROR;
				GCC_WARN_UNDECLARED_SELECTOR = YES;
				GCC_WARN_UNINITIALIZED_AUTOS = YES_AGGRESSIVE;
				GCC_WARN_UNUSED_FUNCTION = YES;
				GCC_WARN_UNUSED_VARIABLE = YES;
				IPHONEOS_DEPLOYMENT_TARGET = 9.0;
				MTL_ENABLE_DEBUG_INFO = NO;
				SDKROOT = iphoneos;
				VALIDATE_PRODUCT = YES;
			};
			name = Release;
		};
		355AB0961BB4705D0024D6C2 /* Debug */ = {
			isa = XCBuildConfiguration;
			buildSettings = {
				ASSETCATALOG_COMPILER_APPICON_NAME = AppIcon;
				FRAMEWORK_SEARCH_PATHS = (
					"$(inherited)",
					"$(PROJECT_DIR)/Ribbit",
				);
				INFOPLIST_FILE = Ribbit/Info.plist;
				LD_RUNPATH_SEARCH_PATHS = "$(inherited) @executable_path/Frameworks";
				PRODUCT_BUNDLE_IDENTIFIER = "com.motif-media.Ribbit";
				PRODUCT_NAME = "$(TARGET_NAME)";
			};
			name = Debug;
		};
		355AB0971BB4705D0024D6C2 /* Release */ = {
			isa = XCBuildConfiguration;
			buildSettings = {
				ASSETCATALOG_COMPILER_APPICON_NAME = AppIcon;
				FRAMEWORK_SEARCH_PATHS = (
					"$(inherited)",
					"$(PROJECT_DIR)/Ribbit",
				);
				INFOPLIST_FILE = Ribbit/Info.plist;
				LD_RUNPATH_SEARCH_PATHS = "$(inherited) @executable_path/Frameworks";
				PRODUCT_BUNDLE_IDENTIFIER = "com.motif-media.Ribbit";
				PRODUCT_NAME = "$(TARGET_NAME)";
			};
			name = Release;
		};
/* End XCBuildConfiguration section */

/* Begin XCConfigurationList section */
		355AB0791BB4705D0024D6C2 /* Build configuration list for PBXProject "Ribbit" */ = {
			isa = XCConfigurationList;
			buildConfigurations = (
				355AB0931BB4705D0024D6C2 /* Debug */,
				355AB0941BB4705D0024D6C2 /* Release */,
			);
			defaultConfigurationIsVisible = 0;
			defaultConfigurationName = Release;
		};
		355AB0951BB4705D0024D6C2 /* Build configuration list for PBXNativeTarget "Ribbit" */ = {
			isa = XCConfigurationList;
			buildConfigurations = (
				355AB0961BB4705D0024D6C2 /* Debug */,
				355AB0971BB4705D0024D6C2 /* Release */,
			);
			defaultConfigurationIsVisible = 0;
		};
/* End XCConfigurationList section */
	};
	rootObject = 355AB0761BB4705D0024D6C2 /* Project object */;
}
